# This file is automatically @generated by Cargo.
# It is not intended for manual editing.
version = 4

[[package]]
name = "cli"
version = "0.1.0"
dependencies = [
 "shared",
 "y2023",
 "y2024",
 "y2025",
]

[[package]]
name = "shared"
version = "0.1.0"

[[package]]
name = "y2023"
version = "0.1.0"
dependencies = [
 "shared",
]

[[package]]
name = "y2024"
version = "0.1.0"
dependencies = [
 "shared",
]

[[package]]
name = "y2025"
version = "0.1.0"
dependencies = [
 "shared",
]
